
Microsoft Visual Studio Solution File, Format Version 12.00
# Visual Studio Version 17
VisualStudioVersion = 17.14.36511.14 d17.14
MinimumVisualStudioVersion = 10.0.40219.1
Project("{FAE04EC0-301F-11D3-BF4B-00C04F79EFBC}") = "Shared.SharedKernel", "Shared.SharedKernel\Shared.SharedKernel.csproj", "{7ADC002D-3A91-6148-A003-3D42222FCA9D}"
EndProject
Project("{FAE04EC0-301F-11D3-BF4B-00C04F79EFBC}") = "Core", "Core\Core.csproj", "{75D91B32-EB0E-4075-AADE-83913EC27240}"
EndProject
Project("{2150E333-8FDC-42A3-9474-1A3956D46DE8}") = "Элементы решения", "Элементы решения", "{754FC069-D67B-A9D7-50A1-8D1CA196D8F1}"
	ProjectSection(SolutionItems) = preProject
		.editorconfig = .editorconfig
		Directory.Build.props = Directory.Build.props
		Directory.Packages.props = Directory.Packages.props
	EndProjectSection
EndProject
Project("{FAE04EC0-301F-11D3-BF4B-00C04F79EFBC}") = "Framework", "Framework\Framework.csproj", "{98E63AF1-CD87-4B47-98AE-3F52EBCD0674}"
EndProject
Global
	GlobalSection(SolutionConfigurationPlatforms) = preSolution
		Debug|Any CPU = Debug|Any CPU
		Release|Any CPU = Release|Any CPU
	EndGlobalSection
	GlobalSection(ProjectConfigurationPlatforms) = postSolution
		{7ADC002D-3A91-6148-A003-3D42222FCA9D}.Debug|Any CPU.ActiveCfg = Debug|Any CPU
		{7ADC002D-3A91-6148-A003-3D42222FCA9D}.Debug|Any CPU.Build.0 = Debug|Any CPU
		{7ADC002D-3A91-6148-A003-3D42222FCA9D}.Release|Any CPU.ActiveCfg = Release|Any CPU
		{7ADC002D-3A91-6148-A003-3D42222FCA9D}.Release|Any CPU.Build.0 = Release|Any CPU
		{75D91B32-EB0E-4075-AADE-83913EC27240}.Debug|Any CPU.ActiveCfg = Debug|Any CPU
		{75D91B32-EB0E-4075-AADE-83913EC27240}.Debug|Any CPU.Build.0 = Debug|Any CPU
		{75D91B32-EB0E-4075-AADE-83913EC27240}.Release|Any CPU.ActiveCfg = Release|Any CPU
		{75D91B32-EB0E-4075-AADE-83913EC27240}.Release|Any CPU.Build.0 = Release|Any CPU
		{98E63AF1-CD87-4B47-98AE-3F52EBCD0674}.Debug|Any CPU.ActiveCfg = Debug|Any CPU
		{98E63AF1-CD87-4B47-98AE-3F52EBCD0674}.Debug|Any CPU.Build.0 = Debug|Any CPU
		{98E63AF1-CD87-4B47-98AE-3F52EBCD0674}.Release|Any CPU.ActiveCfg = Release|Any CPU
		{98E63AF1-CD87-4B47-98AE-3F52EBCD0674}.Release|Any CPU.Build.0 = Release|Any CPU
	EndGlobalSection
	GlobalSection(SolutionProperties) = preSolution
		HideSolutionNode = FALSE
	EndGlobalSection
	GlobalSection(ExtensibilityGlobals) = postSolution
		SolutionGuid = {D8069C18-598E-4795-BA97-D40F1A04AD2A}
	EndGlobalSection
EndGlobal
